
Microsoft Visual Studio Solution File, Format Version 12.00
# Visual Studio Version 16
VisualStudioVersion = 16.0.30804.86
MinimumVisualStudioVersion = 15.0.26124.0
Project("{9A19103F-16F7-4668-BE54-9A1E7A4F7556}") = "UserAPI", "UserAPI\UserAPI.csproj", "{D94A0CDE-4D94-457A-B57F-4491F8C04579}"
EndProject
Project("{FAE04EC0-301F-11D3-BF4B-00C04F79EFBC}") = "UserProject.Business", "User.Business\UserProject.Business.csproj", "{5F0B9987-4664-43CC-B0A0-934409EC0DFC}"
EndProject
Project("{FAE04EC0-301F-11D3-BF4B-00C04F79EFBC}") = "UserProject.Data", "User.Data\UserProject.Data.csproj", "{BFD6E9EB-49B8-46C4-A561-643292B1FDCA}"
EndProject
Project("{FAE04EC0-301F-11D3-BF4B-00C04F79EFBC}") = "UserProject.Entities", "User.Entities\UserProject.Entities.csproj", "{B52DF342-8C7F-4ACF-A108-B3861AAAF65E}"
EndProject
Global
	GlobalSection(SolutionConfigurationPlatforms) = preSolution
		Debug|Any CPU = Debug|Any CPU
		Debug|x64 = Debug|x64
		Debug|x86 = Debug|x86
		Release|Any CPU = Release|Any CPU
		Release|x64 = Release|x64
		Release|x86 = Release|x86
	EndGlobalSection
	GlobalSection(ProjectConfigurationPlatforms) = postSolution
		{D94A0CDE-4D94-457A-B57F-4491F8C04579}.Debug|Any CPU.ActiveCfg = Debug|Any CPU
		{D94A0CDE-4D94-457A-B57F-4491F8C04579}.Debug|Any CPU.Build.0 = Debug|Any CPU
		{D94A0CDE-4D94-457A-B57F-4491F8C04579}.Debug|x64.ActiveCfg = Debug|Any CPU
		{D94A0CDE-4D94-457A-B57F-4491F8C04579}.Debug|x64.Build.0 = Debug|Any CPU
		{D94A0CDE-4D94-457A-B57F-4491F8C04579}.Debug|x86.ActiveCfg = Debug|Any CPU
		{D94A0CDE-4D94-457A-B57F-4491F8C04579}.Debug|x86.Build.0 = Debug|Any CPU
		{D94A0CDE-4D94-457A-B57F-4491F8C04579}.Release|Any CPU.ActiveCfg = Release|Any CPU
		{D94A0CDE-4D94-457A-B57F-4491F8C04579}.Release|Any CPU.Build.0 = Release|Any CPU
		{D94A0CDE-4D94-457A-B57F-4491F8C04579}.Release|x64.ActiveCfg = Release|Any CPU
		{D94A0CDE-4D94-457A-B57F-4491F8C04579}.Release|x64.Build.0 = Release|Any CPU
		{D94A0CDE-4D94-457A-B57F-4491F8C04579}.Release|x86.ActiveCfg = Release|Any CPU
		{D94A0CDE-4D94-457A-B57F-4491F8C04579}.Release|x86.Build.0 = Release|Any CPU
		{5F0B9987-4664-43CC-B0A0-934409EC0DFC}.Debug|Any CPU.ActiveCfg = Debug|Any CPU
		{5F0B9987-4664-43CC-B0A0-934409EC0DFC}.Debug|Any CPU.Build.0 = Debug|Any CPU
		{5F0B9987-4664-43CC-B0A0-934409EC0DFC}.Debug|x64.ActiveCfg = Debug|Any CPU
		{5F0B9987-4664-43CC-B0A0-934409EC0DFC}.Debug|x64.Build.0 = Debug|Any CPU
		{5F0B9987-4664-43CC-B0A0-934409EC0DFC}.Debug|x86.ActiveCfg = Debug|Any CPU
		{5F0B9987-4664-43CC-B0A0-934409EC0DFC}.Debug|x86.Build.0 = Debug|Any CPU
		{5F0B9987-4664-43CC-B0A0-934409EC0DFC}.Release|Any CPU.ActiveCfg = Release|Any CPU
		{5F0B9987-4664-43CC-B0A0-934409EC0DFC}.Release|Any CPU.Build.0 = Release|Any CPU
		{5F0B9987-4664-43CC-B0A0-934409EC0DFC}.Release|x64.ActiveCfg = Release|Any CPU
		{5F0B9987-4664-43CC-B0A0-934409EC0DFC}.Release|x64.Build.0 = Release|Any CPU
		{5F0B9987-4664-43CC-B0A0-934409EC0DFC}.Release|x86.ActiveCfg = Release|Any CPU
		{5F0B9987-4664-43CC-B0A0-934409EC0DFC}.Release|x86.Build.0 = Release|Any CPU
		{BFD6E9EB-49B8-46C4-A561-643292B1FDCA}.Debug|Any CPU.ActiveCfg = Debug|Any CPU
		{BFD6E9EB-49B8-46C4-A561-643292B1FDCA}.Debug|Any CPU.Build.0 = Debug|Any CPU
		{BFD6E9EB-49B8-46C4-A561-643292B1FDCA}.Debug|x64.ActiveCfg = Debug|Any CPU
		{BFD6E9EB-49B8-46C4-A561-643292B1FDCA}.Debug|x64.Build.0 = Debug|Any CPU
		{BFD6E9EB-49B8-46C4-A561-643292B1FDCA}.Debug|x86.ActiveCfg = Debug|Any CPU
		{BFD6E9EB-49B8-46C4-A561-643292B1FDCA}.Debug|x86.Build.0 = Debug|Any CPU
		{BFD6E9EB-49B8-46C4-A561-643292B1FDCA}.Release|Any CPU.ActiveCfg = Release|Any CPU
		{BFD6E9EB-49B8-46C4-A561-643292B1FDCA}.Release|Any CPU.Build.0 = Release|Any CPU
		{BFD6E9EB-49B8-46C4-A561-643292B1FDCA}.Release|x64.ActiveCfg = Release|Any CPU
		{BFD6E9EB-49B8-46C4-A561-643292B1FDCA}.Release|x64.Build.0 = Release|Any CPU
		{BFD6E9EB-49B8-46C4-A561-643292B1FDCA}.Release|x86.ActiveCfg = Release|Any CPU
		{BFD6E9EB-49B8-46C4-A561-643292B1FDCA}.Release|x86.Build.0 = Release|Any CPU
		{B52DF342-8C7F-4ACF-A108-B3861AAAF65E}.Debug|Any CPU.ActiveCfg = Debug|Any CPU
		{B52DF342-8C7F-4ACF-A108-B3861AAAF65E}.Debug|Any CPU.Build.0 = Debug|Any CPU
		{B52DF342-8C7F-4ACF-A108-B3861AAAF65E}.Debug|x64.ActiveCfg = Debug|Any CPU
		{B52DF342-8C7F-4ACF-A108-B3861AAAF65E}.Debug|x64.Build.0 = Debug|Any CPU
		{B52DF342-8C7F-4ACF-A108-B3861AAAF65E}.Debug|x86.ActiveCfg = Debug|Any CPU
		{B52DF342-8C7F-4ACF-A108-B3861AAAF65E}.Debug|x86.Build.0 = Debug|Any CPU
		{B52DF342-8C7F-4ACF-A108-B3861AAAF65E}.Release|Any CPU.ActiveCfg = Release|Any CPU
		{B52DF342-8C7F-4ACF-A108-B3861AAAF65E}.Release|Any CPU.Build.0 = Release|Any CPU
		{B52DF342-8C7F-4ACF-A108-B3861AAAF65E}.Release|x64.ActiveCfg = Release|Any CPU
		{B52DF342-8C7F-4ACF-A108-B3861AAAF65E}.Release|x64.Build.0 = Release|Any CPU
		{B52DF342-8C7F-4ACF-A108-B3861AAAF65E}.Release|x86.ActiveCfg = Release|Any CPU
		{B52DF342-8C7F-4ACF-A108-B3861AAAF65E}.Release|x86.Build.0 = Release|Any CPU
	EndGlobalSection
	GlobalSection(SolutionProperties) = preSolution
		HideSolutionNode = FALSE
	EndGlobalSection
	GlobalSection(ExtensibilityGlobals) = postSolution
		SolutionGuid = {CEE0AF0B-47AB-44C3-B000-D116396A78BD}
	EndGlobalSection
EndGlobal
